{
  "name": "smm1-level-downloader",
  "version": "1.0.0",
  "lockfileVersion": 3,
  "requires": true,
  "packages": {
    "": {
      "name": "smm1-level-downloader",
      "version": "1.0.0",
      "license": "ISC",
      "devDependencies": {
        "axios": "^1.6.7",
        "electron": "^29.0.1"
      }
    },
    "node_modules/@electron/get": {
      "version": "2.0.3",
      "dev": true,
      "license": "MIT",
      "dependencies": {
        "debug": "^4.1.1",
        "env-paths": "^2.2.0",
        "fs-extra": "^8.1.0",
        "got": "^11.8.5",
        "progress": "^2.0.3",
        "semver": "^6.2.0",
        "sumchecker": "^3.0.1"
      },
      "engines": {
        "node": ">=12"
      },
      "optionalDependencies": {
        "global-agent": "^3.0.0"
      }
    },
    "node_modules/axios": {
      "version": "1.6.7",
      "dev": true,
      "license": "MIT",
      "dependencies": {
        "follow-redirects": "^1.15.4",
        "form-data": "^4.0.0",
        "proxy-from-env": "^1.1.0"
      }
    }
  }
}